
Microsoft Visual Studio Solution File, Format Version 12.00
# Visual Studio 15
VisualStudioVersion = 15.0.27428.2037
MinimumVisualStudioVersion = 10.0.40219.1
Project("{FAE04EC0-301F-11D3-BF4B-00C04F79EFBC}") = "BinaryTree", "BinaryTree\BinaryTree.csproj", "{B715A138-D850-4748-A8DD-4134E44C508E}"
EndProject
Project("{FAE04EC0-301F-11D3-BF4B-00C04F79EFBC}") = "BinaryTreeTest", "BinaryTreeTest\BinaryTreeTest.csproj", "{B3F7F794-D2DE-403B-967A-DD6247BCFC44}"
EndProject
Global
	GlobalSection(SolutionConfigurationPlatforms) = preSolution
		Debug|Any CPU = Debug|Any CPU
		Release|Any CPU = Release|Any CPU
	EndGlobalSection
	GlobalSection(ProjectConfigurationPlatforms) = postSolution
		{B715A138-D850-4748-A8DD-4134E44C508E}.Debug|Any CPU.ActiveCfg = Debug|Any CPU
		{B715A138-D850-4748-A8DD-4134E44C508E}.Debug|Any CPU.Build.0 = Debug|Any CPU
		{B715A138-D850-4748-A8DD-4134E44C508E}.Release|Any CPU.ActiveCfg = Release|Any CPU
		{B715A138-D850-4748-A8DD-4134E44C508E}.Release|Any CPU.Build.0 = Release|Any CPU
		{B3F7F794-D2DE-403B-967A-DD6247BCFC44}.Debug|Any CPU.ActiveCfg = Debug|Any CPU
		{B3F7F794-D2DE-403B-967A-DD6247BCFC44}.Debug|Any CPU.Build.0 = Debug|Any CPU
		{B3F7F794-D2DE-403B-967A-DD6247BCFC44}.Release|Any CPU.ActiveCfg = Release|Any CPU
		{B3F7F794-D2DE-403B-967A-DD6247BCFC44}.Release|Any CPU.Build.0 = Release|Any CPU
	EndGlobalSection
	GlobalSection(SolutionProperties) = preSolution
		HideSolutionNode = FALSE
	EndGlobalSection
	GlobalSection(ExtensibilityGlobals) = postSolution
		SolutionGuid = {E60B42C0-7ADB-4909-BF88-20D6C3F4D1A8}
	EndGlobalSection
EndGlobal
